
Microsoft Visual Studio Solution File, Format Version 11.00
# Visual Studio 2010
Project("{8BC9CEB8-8B4A-11D0-8D11-00A0C91BC942}") = "HASH", "HASH\HASH.vcxproj", "{E744C38B-3495-4ECB-98DE-9C75E3923BFA}"
EndProject
Global
	GlobalSection(SolutionConfigurationPlatforms) = preSolution
		Debug|Win32 = Debug|Win32
		Release|Win32 = Release|Win32
	EndGlobalSection
	GlobalSection(ProjectConfigurationPlatforms) = postSolution
		{E744C38B-3495-4ECB-98DE-9C75E3923BFA}.Debug|Win32.ActiveCfg = Debug|Win32
		{E744C38B-3495-4ECB-98DE-9C75E3923BFA}.Debug|Win32.Build.0 = Debug|Win32
		{E744C38B-3495-4ECB-98DE-9C75E3923BFA}.Release|Win32.ActiveCfg = Release|Win32
		{E744C38B-3495-4ECB-98DE-9C75E3923BFA}.Release|Win32.Build.0 = Release|Win32
	EndGlobalSection
	GlobalSection(SolutionProperties) = preSolution
		HideSolutionNode = FALSE
	EndGlobalSection
EndGlobal
